{
  "name": "open-agent",
  "version": "0.1.0",
  "lockfileVersion": 3,
  "requires": true,
  "packages": {
    "": {
      "name": "open-agent",
      "version": "0.1.0",
      "license": "MIT",
      "workspaces": [
        "apps/*",
        "packages/*"
      ]
    },
    "apps/cli": {
      "extraneous": true
    },
    "packages/agent": {
      "extraneous": true
    },
    "packages/context": {
      "extraneous": true
    },
    "packages/memory": {
      "extraneous": true
    },
    "packages/providers": {
      "extraneous": true
    },
    "packages/tools-browser": {
      "extraneous": true
    },
    "packages/tools-computer": {
      "extraneous": true
    },
    "packages/tools-mcp": {
      "extraneous": true
    }
  }
}
